
Microsoft Visual Studio Solution File, Format Version 12.00
# Visual Studio Version 17
VisualStudioVersion = 17.0.31903.59
MinimumVisualStudioVersion = 10.0.40219.1
Project("{FAE04EC0-301F-11D3-BF4B-00C04F79EFBC}") = "OpenRouter.Client.Resilience", "OpenRouter.Client.Resilience\OpenRouter.Client.Resilience.csproj", "{9818C402-270C-4BD3-B41D-6432063D418E}"
EndProject
Project("{FAE04EC0-301F-11D3-BF4B-00C04F79EFBC}") = "OpenRouter.Client.Resilience.Tests", "OpenRouter.Client.Resilience.Tests\OpenRouter.Client.Resilience.Tests.csproj", "{F65FE007-B452-4AF7-8544-F1DB15853064}"
EndProject
Project("{FAE04EC0-301F-11D3-BF4B-00C04F79EFBC}") = "OpenRouter.Client.SystemTextJson.Tests", "OpenRouter.Client.SystemTextJson.Tests\OpenRouter.Client.SystemTextJson.Tests.csproj", "{B162E731-16DD-4ADA-8DD4-5EEB19080B5F}"
EndProject
Project("{FAE04EC0-301F-11D3-BF4B-00C04F79EFBC}") = "OpenRouter.Client.NewtonsoftJson.Tests", "OpenRouter.Client.NewtonsoftJson.Tests\OpenRouter.Client.NewtonsoftJson.Tests.csproj", "{44662B79-07DD-4448-AA2E-A34E77592AB7}"
EndProject
Project("{FAE04EC0-301F-11D3-BF4B-00C04F79EFBC}") = "OpenRouter.Client.DependencyInjection.Tests", "OpenRouter.Client.DependencyInjection.Tests\OpenRouter.Client.DependencyInjection.Tests.csproj", "{563A6299-A370-48B9-8C2A-FAEFCE80157D}"
EndProject
Project("{FAE04EC0-301F-11D3-BF4B-00C04F79EFBC}") = "OpenRouter.Abstractions", "OpenRouter.Abstractions\OpenRouter.Abstractions.csproj", "{4CA732BA-C61C-3ECC-36D1-ECCD68F1ADE7}"
EndProject
Project("{2150E333-8FDC-42A3-9474-1A3956D46DE8}") = "Tests", "Tests", "{02EA681E-C7D8-13C7-8484-4AC65E1B71E8}"
EndProject
Project("{2150E333-8FDC-42A3-9474-1A3956D46DE8}") = "Src", "Src", "{ED364247-FF7D-4516-9E8D-AF17F95496E5}"
EndProject
Project("{FAE04EC0-301F-11D3-BF4B-00C04F79EFBC}") = "OpenRouter.Client.DependencyInjection", "OpenRouter.Client.DependencyInjection\OpenRouter.Client.DependencyInjection.csproj", "{3AD86010-ADBD-C04C-275F-E8A365D697A8}"
EndProject
Project("{FAE04EC0-301F-11D3-BF4B-00C04F79EFBC}") = "OpenRouter.Client.Core.Tests", "OpenRouter.Client.Core.Tests\OpenRouter.Client.Core.Tests.csproj", "{FF7054E4-8BCB-B475-803C-A5DF91CE0BCF}"
EndProject
Project("{FAE04EC0-301F-11D3-BF4B-00C04F79EFBC}") = "OpenRouter.Client.Core", "OpenRouter.Client.Core\OpenRouter.Client.Core.csproj", "{7E06FCE5-47B6-2D69-5803-1D73905D83B7}"
EndProject
Project("{2150E333-8FDC-42A3-9474-1A3956D46DE8}") = "Solution Items", "Solution Items", "{B4576ACE-1845-4A32-B767-CB3520D0F197}"
	ProjectSection(SolutionItems) = preProject
		.editorconfig = .editorconfig
		.gitignore = .gitignore
		CHANGELOG.md = CHANGELOG.md
		CODE_OF_CONDUCT.md = CODE_OF_CONDUCT.md
		CONTRIBUTING.md = CONTRIBUTING.md
		coverlet.runsettings = coverlet.runsettings
		global.json = global.json
		PLANNING.md = PLANNING.md
		README.md = README.md
		stylecop.json = stylecop.json
		TASK.md = TASK.md
	EndProjectSection
EndProject
Project("{FAE04EC0-301F-11D3-BF4B-00C04F79EFBC}") = "OpenRouter.Abstractions.Tests", "OpenRouter.Abstractions.Tests\OpenRouter.Abstractions.Tests.csproj", "{20FEF816-3D47-D3A3-DA55-211C39360CF5}"
EndProject
Project("{FAE04EC0-301F-11D3-BF4B-00C04F79EFBC}") = "OpenRouter.Client.NewtonsoftJson", "OpenRouter.Client.NewtonsoftJson\OpenRouter.Client.NewtonsoftJson.csproj", "{0C3F047F-8EA4-F12B-7B70-3E333DFDA270}"
EndProject
Project("{FAE04EC0-301F-11D3-BF4B-00C04F79EFBC}") = "OpenRouter.Client.SystemTextJson", "OpenRouter.Client.SystemTextJson\OpenRouter.Client.SystemTextJson.csproj", "{C8D33813-5BAE-1CA8-CC2E-65347B07AAA9}"
EndProject
Project("{2150E333-8FDC-42A3-9474-1A3956D46DE8}") = "Examples", "Examples", "{144EFFD2-9E71-4B19-A687-14AA495F8A76}"
EndProject
Project("{FAE04EC0-301F-11D3-BF4B-00C04F79EFBC}") = "OpenRouter.ConsoleExample", "examples\OpenRouter.ConsoleExample\OpenRouter.ConsoleExample.csproj", "{424F033F-1A5A-1552-8F95-2E9A9BBA1BB6}"
EndProject
Global
	GlobalSection(SolutionConfigurationPlatforms) = preSolution
		Debug|Any CPU = Debug|Any CPU
		Release|Any CPU = Release|Any CPU
	EndGlobalSection
	GlobalSection(ProjectConfigurationPlatforms) = postSolution
		{9818C402-270C-4BD3-B41D-6432063D418E}.Debug|Any CPU.ActiveCfg = Debug|Any CPU
		{9818C402-270C-4BD3-B41D-6432063D418E}.Debug|Any CPU.Build.0 = Debug|Any CPU
		{9818C402-270C-4BD3-B41D-6432063D418E}.Release|Any CPU.ActiveCfg = Release|Any CPU
		{9818C402-270C-4BD3-B41D-6432063D418E}.Release|Any CPU.Build.0 = Release|Any CPU
		{F65FE007-B452-4AF7-8544-F1DB15853064}.Debug|Any CPU.ActiveCfg = Debug|Any CPU
		{F65FE007-B452-4AF7-8544-F1DB15853064}.Debug|Any CPU.Build.0 = Debug|Any CPU
		{F65FE007-B452-4AF7-8544-F1DB15853064}.Release|Any CPU.ActiveCfg = Release|Any CPU
		{F65FE007-B452-4AF7-8544-F1DB15853064}.Release|Any CPU.Build.0 = Release|Any CPU
		{B162E731-16DD-4ADA-8DD4-5EEB19080B5F}.Debug|Any CPU.ActiveCfg = Debug|Any CPU
		{B162E731-16DD-4ADA-8DD4-5EEB19080B5F}.Debug|Any CPU.Build.0 = Debug|Any CPU
		{B162E731-16DD-4ADA-8DD4-5EEB19080B5F}.Release|Any CPU.ActiveCfg = Release|Any CPU
		{B162E731-16DD-4ADA-8DD4-5EEB19080B5F}.Release|Any CPU.Build.0 = Release|Any CPU
		{44662B79-07DD-4448-AA2E-A34E77592AB7}.Debug|Any CPU.ActiveCfg = Debug|Any CPU
		{44662B79-07DD-4448-AA2E-A34E77592AB7}.Debug|Any CPU.Build.0 = Debug|Any CPU
		{44662B79-07DD-4448-AA2E-A34E77592AB7}.Release|Any CPU.ActiveCfg = Release|Any CPU
		{44662B79-07DD-4448-AA2E-A34E77592AB7}.Release|Any CPU.Build.0 = Release|Any CPU
		{563A6299-A370-48B9-8C2A-FAEFCE80157D}.Debug|Any CPU.ActiveCfg = Debug|Any CPU
		{563A6299-A370-48B9-8C2A-FAEFCE80157D}.Debug|Any CPU.Build.0 = Debug|Any CPU
		{563A6299-A370-48B9-8C2A-FAEFCE80157D}.Release|Any CPU.ActiveCfg = Release|Any CPU
		{563A6299-A370-48B9-8C2A-FAEFCE80157D}.Release|Any CPU.Build.0 = Release|Any CPU
		{4CA732BA-C61C-3ECC-36D1-ECCD68F1ADE7}.Debug|Any CPU.ActiveCfg = Debug|Any CPU
		{4CA732BA-C61C-3ECC-36D1-ECCD68F1ADE7}.Debug|Any CPU.Build.0 = Debug|Any CPU
		{4CA732BA-C61C-3ECC-36D1-ECCD68F1ADE7}.Release|Any CPU.ActiveCfg = Release|Any CPU
		{4CA732BA-C61C-3ECC-36D1-ECCD68F1ADE7}.Release|Any CPU.Build.0 = Release|Any CPU
		{3AD86010-ADBD-C04C-275F-E8A365D697A8}.Debug|Any CPU.ActiveCfg = Debug|Any CPU
		{3AD86010-ADBD-C04C-275F-E8A365D697A8}.Debug|Any CPU.Build.0 = Debug|Any CPU
		{3AD86010-ADBD-C04C-275F-E8A365D697A8}.Release|Any CPU.ActiveCfg = Release|Any CPU
		{3AD86010-ADBD-C04C-275F-E8A365D697A8}.Release|Any CPU.Build.0 = Release|Any CPU
		{FF7054E4-8BCB-B475-803C-A5DF91CE0BCF}.Debug|Any CPU.ActiveCfg = Debug|Any CPU
		{FF7054E4-8BCB-B475-803C-A5DF91CE0BCF}.Debug|Any CPU.Build.0 = Debug|Any CPU
		{FF7054E4-8BCB-B475-803C-A5DF91CE0BCF}.Release|Any CPU.ActiveCfg = Release|Any CPU
		{FF7054E4-8BCB-B475-803C-A5DF91CE0BCF}.Release|Any CPU.Build.0 = Release|Any CPU
		{7E06FCE5-47B6-2D69-5803-1D73905D83B7}.Debug|Any CPU.ActiveCfg = Debug|Any CPU
		{7E06FCE5-47B6-2D69-5803-1D73905D83B7}.Debug|Any CPU.Build.0 = Debug|Any CPU
		{7E06FCE5-47B6-2D69-5803-1D73905D83B7}.Release|Any CPU.ActiveCfg = Release|Any CPU
		{7E06FCE5-47B6-2D69-5803-1D73905D83B7}.Release|Any CPU.Build.0 = Release|Any CPU
		{20FEF816-3D47-D3A3-DA55-211C39360CF5}.Debug|Any CPU.ActiveCfg = Debug|Any CPU
		{20FEF816-3D47-D3A3-DA55-211C39360CF5}.Debug|Any CPU.Build.0 = Debug|Any CPU
		{20FEF816-3D47-D3A3-DA55-211C39360CF5}.Release|Any CPU.ActiveCfg = Release|Any CPU
		{20FEF816-3D47-D3A3-DA55-211C39360CF5}.Release|Any CPU.Build.0 = Release|Any CPU
		{0C3F047F-8EA4-F12B-7B70-3E333DFDA270}.Debug|Any CPU.ActiveCfg = Debug|Any CPU
		{0C3F047F-8EA4-F12B-7B70-3E333DFDA270}.Debug|Any CPU.Build.0 = Debug|Any CPU
		{0C3F047F-8EA4-F12B-7B70-3E333DFDA270}.Release|Any CPU.ActiveCfg = Release|Any CPU
		{0C3F047F-8EA4-F12B-7B70-3E333DFDA270}.Release|Any CPU.Build.0 = Release|Any CPU
		{C8D33813-5BAE-1CA8-CC2E-65347B07AAA9}.Debug|Any CPU.ActiveCfg = Debug|Any CPU
		{C8D33813-5BAE-1CA8-CC2E-65347B07AAA9}.Debug|Any CPU.Build.0 = Debug|Any CPU
		{C8D33813-5BAE-1CA8-CC2E-65347B07AAA9}.Release|Any CPU.ActiveCfg = Release|Any CPU
		{C8D33813-5BAE-1CA8-CC2E-65347B07AAA9}.Release|Any CPU.Build.0 = Release|Any CPU
		{424F033F-1A5A-1552-8F95-2E9A9BBA1BB6}.Debug|Any CPU.ActiveCfg = Debug|Any CPU
		{424F033F-1A5A-1552-8F95-2E9A9BBA1BB6}.Debug|Any CPU.Build.0 = Debug|Any CPU
		{424F033F-1A5A-1552-8F95-2E9A9BBA1BB6}.Release|Any CPU.ActiveCfg = Release|Any CPU
		{424F033F-1A5A-1552-8F95-2E9A9BBA1BB6}.Release|Any CPU.Build.0 = Release|Any CPU
	EndGlobalSection
	GlobalSection(SolutionProperties) = preSolution
		HideSolutionNode = FALSE
	EndGlobalSection
	GlobalSection(NestedProjects) = preSolution
		{9818C402-270C-4BD3-B41D-6432063D418E} = {ED364247-FF7D-4516-9E8D-AF17F95496E5}
		{F65FE007-B452-4AF7-8544-F1DB15853064} = {02EA681E-C7D8-13C7-8484-4AC65E1B71E8}
		{B162E731-16DD-4ADA-8DD4-5EEB19080B5F} = {02EA681E-C7D8-13C7-8484-4AC65E1B71E8}
		{44662B79-07DD-4448-AA2E-A34E77592AB7} = {02EA681E-C7D8-13C7-8484-4AC65E1B71E8}
		{563A6299-A370-48B9-8C2A-FAEFCE80157D} = {02EA681E-C7D8-13C7-8484-4AC65E1B71E8}
		{4CA732BA-C61C-3ECC-36D1-ECCD68F1ADE7} = {ED364247-FF7D-4516-9E8D-AF17F95496E5}
		{3AD86010-ADBD-C04C-275F-E8A365D697A8} = {ED364247-FF7D-4516-9E8D-AF17F95496E5}
		{FF7054E4-8BCB-B475-803C-A5DF91CE0BCF} = {02EA681E-C7D8-13C7-8484-4AC65E1B71E8}
		{7E06FCE5-47B6-2D69-5803-1D73905D83B7} = {ED364247-FF7D-4516-9E8D-AF17F95496E5}
		{20FEF816-3D47-D3A3-DA55-211C39360CF5} = {02EA681E-C7D8-13C7-8484-4AC65E1B71E8}
		{0C3F047F-8EA4-F12B-7B70-3E333DFDA270} = {ED364247-FF7D-4516-9E8D-AF17F95496E5}
		{C8D33813-5BAE-1CA8-CC2E-65347B07AAA9} = {ED364247-FF7D-4516-9E8D-AF17F95496E5}
		{424F033F-1A5A-1552-8F95-2E9A9BBA1BB6} = {144EFFD2-9E71-4B19-A687-14AA495F8A76}
	EndGlobalSection
	GlobalSection(ExtensibilityGlobals) = postSolution
		SolutionGuid = {56DE2290-FB6C-4302-855B-FB9CA99E51D8}
	EndGlobalSection
EndGlobal
