
Microsoft Visual Studio Solution File, Format Version 12.00
# Visual Studio Version 17
VisualStudioVersion = 17.0.31903.59
MinimumVisualStudioVersion = 10.0.40219.1
Project("{FAE04EC0-301F-11D3-BF4B-00C04F79EFBC}") = "OpenRouter.Client.Resilience", "OpenRouter.Client.Resilience\OpenRouter.Client.Resilience.csproj", "{9818C402-270C-4BD3-B41D-6432063D418E}"
EndProject
Project("{FAE04EC0-301F-11D3-BF4B-00C04F79EFBC}") = "OpenRouter.Client.Resilience.Tests", "OpenRouter.Client.Resilience.Tests\OpenRouter.Client.Resilience.Tests.csproj", "{F65FE007-B452-4AF7-8544-F1DB15853064}"
EndProject
Project("{FAE04EC0-301F-11D3-BF4B-00C04F79EFBC}") = "OpenRouter.Client.SystemTextJson.Tests", "OpenRouter.Client.SystemTextJson.Tests\OpenRouter.Client.SystemTextJson.Tests.csproj", "{B162E731-16DD-4ADA-8DD4-5EEB19080B5F}"
EndProject
Global
	GlobalSection(SolutionConfigurationPlatforms) = preSolution
		Debug|Any CPU = Debug|Any CPU
		Release|Any CPU = Release|Any CPU
	EndGlobalSection
	GlobalSection(SolutionProperties) = preSolution
		HideSolutionNode = FALSE
	EndGlobalSection
	GlobalSection(ProjectConfigurationPlatforms) = postSolution
		{9818C402-270C-4BD3-B41D-6432063D418E}.Debug|Any CPU.ActiveCfg = Debug|Any CPU
		{9818C402-270C-4BD3-B41D-6432063D418E}.Debug|Any CPU.Build.0 = Debug|Any CPU
		{9818C402-270C-4BD3-B41D-6432063D418E}.Release|Any CPU.ActiveCfg = Release|Any CPU
		{9818C402-270C-4BD3-B41D-6432063D418E}.Release|Any CPU.Build.0 = Release|Any CPU
		{F65FE007-B452-4AF7-8544-F1DB15853064}.Debug|Any CPU.ActiveCfg = Debug|Any CPU
		{F65FE007-B452-4AF7-8544-F1DB15853064}.Debug|Any CPU.Build.0 = Debug|Any CPU
		{F65FE007-B452-4AF7-8544-F1DB15853064}.Release|Any CPU.ActiveCfg = Release|Any CPU
		{F65FE007-B452-4AF7-8544-F1DB15853064}.Release|Any CPU.Build.0 = Release|Any CPU
		{B162E731-16DD-4ADA-8DD4-5EEB19080B5F}.Debug|Any CPU.ActiveCfg = Debug|Any CPU
		{B162E731-16DD-4ADA-8DD4-5EEB19080B5F}.Debug|Any CPU.Build.0 = Debug|Any CPU
		{B162E731-16DD-4ADA-8DD4-5EEB19080B5F}.Release|Any CPU.ActiveCfg = Release|Any CPU
		{B162E731-16DD-4ADA-8DD4-5EEB19080B5F}.Release|Any CPU.Build.0 = Release|Any CPU
	EndGlobalSection
EndGlobal
